<?xml version="1.0" encoding="utf-8"?>
<Project ToolsVersion="4.0" xmlns="http://schemas.microsoft.com/developer/msbuild/2003">
  <ItemGroup>
    <ClCompile Include="src\Game.cpp" />
    <ClCompile Include="src\main.cpp" />
    <ClCompile Include="src\Missile.cpp" />
    <ClCompile Include="src\Nest.cpp" />
    <ClCompile Include="src\Player.cpp" />
    <ClCompile Include="src\RoomBuilder.cpp" />
    <ClCompile Include="src\Sweeper.cpp" />
    <ClCompile Include="src\Tile.cpp" />
    <ClCompile Include="src\Predator.cpp" />
  </ItemGroup>
  <ItemGroup>
    <ClCompile Include="src\ProjectilePool.cpp" />
  </ItemGroup>
  <ItemGroup>
    <Image Include="ASSETS\IMAGES\SFML-LOGO.png">
      <Filter>Resource Files\IMAGES</Filter>
    </Image>
    <ClInclude Include="include\Game.h" />
    <ClInclude Include="include\Global.h" />
    <ClInclude Include="include\Missile.h" />
    <ClInclude Include="include\Nest.h" />
    <ClInclude Include="include\Player.h" />
    <ClInclude Include="include\RoomBuilder.h" />
    <ClInclude Include="include\Sweeper.h" />
    <ClInclude Include="include\Tile.h" />
    <ClInclude Include="include\Predator.h" />
  </ItemGroup>
  <ItemGroup>
    <Image Include="ASSETS\IMAGES\SFML-LOGO.png" />
  </ItemGroup>
  <ItemGroup>
    <Font Include="ASSETS\FONTS\ariblk.ttf" />
  </ItemGroup>
  <ItemGroup>
    <Text Include="ASSETS\Level.txt" />
    <ClInclude Include="include\ProjectilePool.h" />
  </ItemGroup>
  <ItemGroup>
    <Image Include="ASSETS\IMAGES\SFML-LOGO.png" />
  </ItemGroup>
  <ItemGroup>
    <Font Include="ASSETS\FONTS\ariblk.ttf" />
  </ItemGroup>
  <ItemGroup>
    <Text Include="ASSETS\Level.txt" />
  </ItemGroup>
  <ItemGroup>
    <ClInclude Include="include\Game.h">
      <Filter>Header Files</Filter>
    </ClInclude>
    <ClInclude Include="include\Worker.h">
      <Filter>Header Files</Filter>
    </ClInclude>
  </ItemGroup>
  <ItemGroup>
    <ClCompile Include="src\Game.cpp">
      <Filter>Source Files</Filter>
    </ClCompile>
    <ClCompile Include="src\main.cpp">
      <Filter>Source Files</Filter>
    </ClCompile>
    <ClCompile Include="src\Worker.cpp">
      <Filter>Source Files</Filter>
    </ClCompile>
  </ItemGroup>
</Project>